# This file is generated by running "yarn install" inside your project.
# Manual changes might be lost - proceed with caution!

__metadata:
  version: 5
  cacheKey: 8

"@ant-design/colors@npm:^6.0.0":
  version: 6.0.0
  resolution: "@ant-design/colors@npm:6.0.0"
  dependencies:
    "@ctrl/tinycolor": ^3.4.0
  checksum: 55110ac8a3353f3ec2d2fdee6ffb841967dd75f3783ef4e68c22731e042606bc5b3c3febb6cd20aed3f14585729ce8eddf75b531c703c06a2e95b8569861bb47
  languageName: node
  linkType: hard

"@ant-design/icons-svg@npm:^4.2.1":
  version: 4.2.1
  resolution: "@ant-design/icons-svg@npm:4.2.1"
  checksum: c1fa1bbeb0c58209e2c5d49ce001543823ae2d8326e1c7aafb992deac7aaa901a44f9a16151ad919d2628dbe3d783b325ed2b9440436002225801332323296d4
  languageName: node
  linkType: hard

"@ant-design/icons@npm:^4.7.0":
  version: 4.8.0
  resolution: "@ant-design/icons@npm:4.8.0"
  dependencies:
    "@ant-design/colors": ^6.0.0
    "@ant-design/icons-svg": ^4.2.1
    "@babel/runtime": ^7.11.2
    classnames: ^2.2.6
    rc-util: ^5.9.4
  peerDependencies:
    react: ">=16.0.0"
    react-dom: ">=16.0.0"
  checksum: d569dae9f84245a90fb5152af4c4e6e9f1bce9d638b5831f3e9d126ff654c9477e3c9d9192c6b3f349ade39c9e0bc85605cad5d8c2e401e632dbd6190b638ad3
  languageName: node
  linkType: hard

"@ant-design/react-slick@npm:~0.29.1":
  version: 0.29.2
  resolution: "@ant-design/react-slick@npm:0.29.2"
  dependencies:
    "@babel/runtime": ^7.10.4
    classnames: ^2.2.5
    json2mq: ^0.2.0
    lodash: ^4.17.21
    resize-observer-polyfill: ^1.5.1
  peerDependencies:
    react: ">=16.9.0"
  checksum: a7031466714303d123321cac56fb7fc00ba7702bedbfdac1c7f9dda177dd8a4c34757c4e2d5a9dc7dd118e362e9b8b6f5b6c33557bc1234215336d5eb69081c0
  languageName: node
  linkType: hard

"@babel/runtime@npm:^7.10.1, @babel/runtime@npm:^7.10.4, @babel/runtime@npm:^7.11.1, @babel/runtime@npm:^7.11.2, @babel/runtime@npm:^7.12.5, @babel/runtime@npm:^7.16.7, @babel/runtime@npm:^7.18.0, @babel/runtime@npm:^7.18.3, @babel/runtime@npm:^7.20.0, @babel/runtime@npm:^7.20.7":
  version: 7.21.0
  resolution: "@babel/runtime@npm:7.21.0"
  dependencies:
    regenerator-runtime: ^0.13.11
  checksum: 7b33e25bfa9e0e1b9e8828bb61b2d32bdd46b41b07ba7cb43319ad08efc6fda8eb89445193e67d6541814627df0ca59122c0ea795e412b99c5183a0540d338ab
  languageName: node
  linkType: hard

"@ctrl/tinycolor@npm:^3.4.0":
  version: 3.6.0
  resolution: "@ctrl/tinycolor@npm:3.6.0"
  checksum: 4d1e481b4d7f9bb23d21b5436726034d37c2a1bc751b5169ef29ead0237e96443dbccbcfa887e20c3a65ba1b5e270063bb21b4034eac97561b980cbbd5e92a16
  languageName: node
  linkType: hard

"@next/env@npm:13.3.1":
  version: 13.3.1
  resolution: "@next/env@npm:13.3.1"
  checksum: 3bf01e62b7de1de9de0cf7a5904364a2e807ad4f0a6cabfbb288225696a0750163bee23669bd45bfbec17dcf1fe66512212bdfa5be0a341ad187270a3cc27943
  languageName: node
  linkType: hard

"@next/swc-darwin-arm64@npm:13.3.1":
  version: 13.3.1
  resolution: "@next/swc-darwin-arm64@npm:13.3.1"
  conditions: os=darwin & cpu=arm64
  languageName: node
  linkType: hard

"@next/swc-darwin-x64@npm:13.3.1":
  version: 13.3.1
  resolution: "@next/swc-darwin-x64@npm:13.3.1"
  conditions: os=darwin & cpu=x64
  languageName: node
  linkType: hard

"@next/swc-linux-arm64-gnu@npm:13.3.1":
  version: 13.3.1
  resolution: "@next/swc-linux-arm64-gnu@npm:13.3.1"
  conditions: os=linux & cpu=arm64
  languageName: node
  linkType: hard

"@next/swc-linux-arm64-musl@npm:13.3.1":
  version: 13.3.1
  resolution: "@next/swc-linux-arm64-musl@npm:13.3.1"
  conditions: os=linux & cpu=arm64
  languageName: node
  linkType: hard

"@next/swc-linux-x64-gnu@npm:13.3.1":
  version: 13.3.1
  resolution: "@next/swc-linux-x64-gnu@npm:13.3.1"
  conditions: os=linux & cpu=x64
  languageName: node
  linkType: hard

"@next/swc-linux-x64-musl@npm:13.3.1":
  version: 13.3.1
  resolution: "@next/swc-linux-x64-musl@npm:13.3.1"
  conditions: os=linux & cpu=x64
  languageName: node
  linkType: hard

"@next/swc-win32-arm64-msvc@npm:13.3.1":
  version: 13.3.1
  resolution: "@next/swc-win32-arm64-msvc@npm:13.3.1"
  conditions: os=win32 & cpu=arm64
  languageName: node
  linkType: hard

"@next/swc-win32-ia32-msvc@npm:13.3.1":
  version: 13.3.1
  resolution: "@next/swc-win32-ia32-msvc@npm:13.3.1"
  conditions: os=win32 & cpu=ia32
  languageName: node
  linkType: hard

"@next/swc-win32-x64-msvc@npm:13.3.1":
  version: 13.3.1
  resolution: "@next/swc-win32-x64-msvc@npm:13.3.1"
  conditions: os=win32 & cpu=x64
  languageName: node
  linkType: hard

"@rc-component/portal@npm:^1.0.0-6, @rc-component/portal@npm:^1.0.0-8, @rc-component/portal@npm:^1.0.2":
  version: 1.1.1
  resolution: "@rc-component/portal@npm:1.1.1"
  dependencies:
    "@babel/runtime": ^7.18.0
    classnames: ^2.3.2
    rc-util: ^5.24.4
  peerDependencies:
    react: ">=16.9.0"
    react-dom: ">=16.9.0"
  checksum: 4a2aef7cfd71a7614dc83b5ee5863ef49613e392b9aec0fa5913de4fb04ca6c9b13fd4ed183d8696475999d9c2bb945d707b245f7f28b7c0615a5f613416206a
  languageName: node
  linkType: hard

"@swc/helpers@npm:0.5.0":
  version: 0.5.0
  resolution: "@swc/helpers@npm:0.5.0"
  dependencies:
    tslib: ^2.4.0
  checksum: 61c9c7dddb707deb58b85328cfe9d211887145f1311ae6a6e6c0fa9f781fb29916a8669a7d479e46e26a32a89d6ef4f293a22dee4925e009c84051e9dd10e8b7
  languageName: node
  linkType: hard

"antd@npm:^4.16.13":
  version: 4.24.9
  resolution: "antd@npm:4.24.9"
  dependencies:
    "@ant-design/colors": ^6.0.0
    "@ant-design/icons": ^4.7.0
    "@ant-design/react-slick": ~0.29.1
    "@babel/runtime": ^7.18.3
    "@ctrl/tinycolor": ^3.4.0
    classnames: ^2.2.6
    copy-to-clipboard: ^3.2.0
    lodash: ^4.17.21
    moment: ^2.29.2
    rc-cascader: ~3.7.0
    rc-checkbox: ~3.0.0
    rc-collapse: ~3.4.2
    rc-dialog: ~9.0.2
    rc-drawer: ~6.1.0
    rc-dropdown: ~4.0.0
    rc-field-form: ~1.27.0
    rc-image: ~5.13.0
    rc-input: ~0.1.4
    rc-input-number: ~7.3.9
    rc-mentions: ~1.13.1
    rc-menu: ~9.8.0
    rc-motion: ^2.6.1
    rc-notification: ~4.6.0
    rc-pagination: ~3.2.0
    rc-picker: ~2.7.0
    rc-progress: ~3.4.1
    rc-rate: ~2.9.0
    rc-resize-observer: ^1.2.0
    rc-segmented: ~2.1.0
    rc-select: ~14.1.17
    rc-slider: ~10.0.0
    rc-steps: ~5.0.0-alpha.2
    rc-switch: ~3.2.0
    rc-table: ~7.26.0
    rc-tabs: ~12.5.6
    rc-textarea: ~0.4.5
    rc-tooltip: ~5.2.0
    rc-tree: ~5.7.0
    rc-tree-select: ~5.5.0
    rc-trigger: ^5.2.10
    rc-upload: ~4.3.0
    rc-util: ^5.22.5
    scroll-into-view-if-needed: ^2.2.25
  peerDependencies:
    react: ">=16.9.0"
    react-dom: ">=16.9.0"
  checksum: 357c9ff317714d1ed108f1c99abebc3a780e6906c790d80437fe962e6639d673b53e1207748ddbceab1379518398ae8523a20b8460235bf73f743112aafea5f7
  languageName: node
  linkType: hard

"array-tree-filter@npm:^2.1.0":
  version: 2.1.0
  resolution: "array-tree-filter@npm:2.1.0"
  checksum: ca65dbeb80777eadadfcd4dbd2658d9eb0be66e426a6b6d64f1a71dff5351f2e6f370e0cbcc418e9e6e01d06b337b128441a71c7143abe4d925d027d5aa0100f
  languageName: node
  linkType: hard

"async-validator@npm:^4.1.0":
  version: 4.2.5
  resolution: "async-validator@npm:4.2.5"
  checksum: 3e3d891a2e21497c8a646afeb7b1e6ed5f98de5f58ce3600732080f327cb581e65d8d8ff184273f1461dc84105d49f5cf31422a67ce50e787967c306838b6f40
  languageName: node
  linkType: hard

"busboy@npm:1.6.0":
  version: 1.6.0
  resolution: "busboy@npm:1.6.0"
  dependencies:
    streamsearch: ^1.1.0
  checksum: 32801e2c0164e12106bf236291a00795c3c4e4b709ae02132883fe8478ba2ae23743b11c5735a0aae8afe65ac4b6ca4568b91f0d9fed1fdbc32ede824a73746e
  languageName: node
  linkType: hard

"caniuse-lite@npm:^1.0.30001406":
  version: 1.0.30001481
  resolution: "caniuse-lite@npm:1.0.30001481"
  checksum: 8200a043c191b4fd4fe0beda37a58fd61869c895ab93f87bdd0420e5927453f48434d716ce9da8552ff6c3ecc4dcd1366354cda3a134f3cc844af741574a7cab
  languageName: node
  linkType: hard

"classnames@npm:2.x, classnames@npm:^2.2.1, classnames@npm:^2.2.3, classnames@npm:^2.2.5, classnames@npm:^2.2.6, classnames@npm:^2.3.1, classnames@npm:^2.3.2":
  version: 2.3.2
  resolution: "classnames@npm:2.3.2"
  checksum: 2c62199789618d95545c872787137262e741f9db13328e216b093eea91c85ef2bfb152c1f9e63027204e2559a006a92eb74147d46c800a9f96297ae1d9f96f4e
  languageName: node
  linkType: hard

"client-only@npm:0.0.1":
  version: 0.0.1
  resolution: "client-only@npm:0.0.1"
  checksum: 0c16bf660dadb90610553c1d8946a7fdfb81d624adea073b8440b7d795d5b5b08beb3c950c6a2cf16279365a3265158a236876d92bce16423c485c322d7dfaf8
  languageName: node
  linkType: hard

"compute-scroll-into-view@npm:^1.0.20":
  version: 1.0.20
  resolution: "compute-scroll-into-view@npm:1.0.20"
  checksum: f15fab29221953620735393ac1866541aab0d27d28078bedbba071a291ee9c8cc1a72bee302cf0bc06ed83c5e55afb74ebcbd634a63671ba33cf1fb1c51d3308
  languageName: node
  linkType: hard

"copy-anything@npm:^2.0.1":
  version: 2.0.6
  resolution: "copy-anything@npm:2.0.6"
  dependencies:
    is-what: ^3.14.1
  checksum: 7318dc00ca14f846d14fc886845cff63bf20a3c5f4fcdd31f68c40a213648c78a1093426947ac0f8f8577845e9a7a11eeaaeefb05d9a6f1b78ca5ec60c2aaf6e
  languageName: node
  linkType: hard

"copy-to-clipboard@npm:^3.2.0":
  version: 3.3.3
  resolution: "copy-to-clipboard@npm:3.3.3"
  dependencies:
    toggle-selection: ^1.0.6
  checksum: e0a325e39b7615108e6c1c8ac110ae7b829cdc4ee3278b1df6a0e4228c490442cc86444cd643e2da344fbc424b3aab8909e2fec82f8bc75e7e5b190b7c24eecf
  languageName: node
  linkType: hard

"date-fns@npm:2.x":
  version: 2.29.3
  resolution: "date-fns@npm:2.29.3"
  checksum: e01cf5b62af04e05dfff921bb9c9933310ed0e1ae9a81eb8653452e64dc841acf7f6e01e1a5ae5644d0337e9a7f936175fd2cb6819dc122fdd9c5e86c56be484
  languageName: node
  linkType: hard

"dayjs@npm:1.x":
  version: 1.11.7
  resolution: "dayjs@npm:1.11.7"
  checksum: 5003a7c1dd9ed51385beb658231c3548700b82d3548c0cfbe549d85f2d08e90e972510282b7506941452c58d32136d6362f009c77ca55381a09c704e9f177ebb
  languageName: node
  linkType: hard

"debug@npm:^3.2.6":
  version: 3.2.7
  resolution: "debug@npm:3.2.7"
  dependencies:
    ms: ^2.1.1
  checksum: b3d8c5940799914d30314b7c3304a43305fd0715581a919dacb8b3176d024a782062368405b47491516d2091d6462d4d11f2f4974a405048094f8bfebfa3071c
  languageName: node
  linkType: hard

"dom-align@npm:^1.7.0":
  version: 1.12.4
  resolution: "dom-align@npm:1.12.4"
  checksum: ff5cfdb6e9c9e03e6d67a61b4633f25845f2385f67b1bd84a28aa2cb2c6b58eea53fde347b0d2439f0ba49cd6b80a7463f98569731cb14ec2542ecdeef19d165
  languageName: node
  linkType: hard

"errno@npm:^0.1.1":
  version: 0.1.8
  resolution: "errno@npm:0.1.8"
  dependencies:
    prr: ~1.0.1
  bin:
    errno: cli.js
  checksum: 1271f7b9fbb3bcbec76ffde932485d1e3561856d21d847ec613a9722ee924cdd4e523a62dc71a44174d91e898fe21fdc8d5b50823f4b5e0ce8c35c8271e6ef4a
  languageName: node
  linkType: hard

"graceful-fs@npm:^4.1.2":
  version: 4.2.11
  resolution: "graceful-fs@npm:4.2.11"
  checksum: ac85f94da92d8eb6b7f5a8b20ce65e43d66761c55ce85ac96df6865308390da45a8d3f0296dd3a663de65d30ba497bd46c696cc1e248c72b13d6d567138a4fc7
  languageName: node
  linkType: hard

"iconv-lite@npm:^0.6.3":
  version: 0.6.3
  resolution: "iconv-lite@npm:0.6.3"
  dependencies:
    safer-buffer: ">= 2.1.2 < 3.0.0"
  checksum: 3f60d47a5c8fc3313317edfd29a00a692cc87a19cac0159e2ce711d0ebc9019064108323b5e493625e25594f11c6236647d8e256fbe7a58f4a3b33b89e6d30bf
  languageName: node
  linkType: hard

"image-size@npm:~0.5.0":
  version: 0.5.5
  resolution: "image-size@npm:0.5.5"
  bin:
    image-size: bin/image-size.js
  checksum: 6709d5cb73e96d5097ae5e9aa746dd36d6a9c8cf645e7eecac72ea07dbd6f312a65183752762fa92e2f3b698d4ed8d85dd55bf5207b6367245996bd16576d8fe
  languageName: node
  linkType: hard

"is-what@npm:^3.14.1":
  version: 3.14.1
  resolution: "is-what@npm:3.14.1"
  checksum: a9a6ce92d33799f1ae0916c7afb6f8128a23ce9d28bd69d9ec3ec88910e7a1f68432e6236c3c8a4d544cf0b864675e5d828437efde60ee0cf8102061d395c1df
  languageName: node
  linkType: hard

"js-tokens@npm:^3.0.0 || ^4.0.0":
  version: 4.0.0
  resolution: "js-tokens@npm:4.0.0"
  checksum: 8a95213a5a77deb6cbe94d86340e8d9ace2b93bc367790b260101d2f36a2eaf4e4e22d9fa9cf459b38af3a32fb4190e638024cf82ec95ef708680e405ea7cc78
  languageName: node
  linkType: hard

"json2mq@npm:^0.2.0":
  version: 0.2.0
  resolution: "json2mq@npm:0.2.0"
  dependencies:
    string-convert: ^0.2.0
  checksum: 5672c3abdd31e21a0e2f0c2688b4948103687dab949a1c5a1cba98667e899a96c2c7e3d71763c4f5e7cd7d7c379ea5dd5e1a9b2a2107dd1dfa740719a11aa272
  languageName: node
  linkType: hard

"klona@npm:^2.0.4":
  version: 2.0.6
  resolution: "klona@npm:2.0.6"
  checksum: ac9ee3732e42b96feb67faae4d27cf49494e8a3bf3fa7115ce242fe04786788e0aff4741a07a45a2462e2079aa983d73d38519c85d65b70ef11447bbc3c58ce7
  languageName: node
  linkType: hard

"less-loader@npm:^11.1.0":
  version: 11.1.0
  resolution: "less-loader@npm:11.1.0"
  dependencies:
    klona: ^2.0.4
  peerDependencies:
    less: ^3.5.0 || ^4.0.0
    webpack: ^5.0.0
  checksum: 041216e0a6d95e24c9724f470719db3eb70b3888c45b1a1e9cd55edabe8ae79709522cd6c6713b466b3e9948544074e2a5b2be50ac3ced5ff41dfa9675f3b182
  languageName: node
  linkType: hard

"less@npm:^4.1.3":
  version: 4.1.3
  resolution: "less@npm:4.1.3"
  dependencies:
    copy-anything: ^2.0.1
    errno: ^0.1.1
    graceful-fs: ^4.1.2
    image-size: ~0.5.0
    make-dir: ^2.1.0
    mime: ^1.4.1
    needle: ^3.1.0
    parse-node-version: ^1.0.1
    source-map: ~0.6.0
    tslib: ^2.3.0
  dependenciesMeta:
    errno:
      optional: true
    graceful-fs:
      optional: true
    image-size:
      optional: true
    make-dir:
      optional: true
    mime:
      optional: true
    needle:
      optional: true
    source-map:
      optional: true
  bin:
    lessc: bin/lessc
  checksum: 1470fbec993a375eb28d729cd906805fd62b7a7f1b4f5b4d62d04e81eaba987a9373e74aa0b9fa9191149ebc0bfb42e2ea98a038555555b7b241c10a854067cc
  languageName: node
  linkType: hard

"lodash@npm:^4.17.21":
  version: 4.17.21
  resolution: "lodash@npm:4.17.21"
  checksum: eb835a2e51d381e561e508ce932ea50a8e5a68f4ebdd771ea240d3048244a8d13658acbd502cd4829768c56f2e16bdd4340b9ea141297d472517b83868e677f7
  languageName: node
  linkType: hard

"loose-envify@npm:^1.1.0":
  version: 1.4.0
  resolution: "loose-envify@npm:1.4.0"
  dependencies:
    js-tokens: ^3.0.0 || ^4.0.0
  bin:
    loose-envify: cli.js
  checksum: 6517e24e0cad87ec9888f500c5b5947032cdfe6ef65e1c1936a0c48a524b81e65542c9c3edc91c97d5bddc806ee2a985dbc79be89215d613b1de5db6d1cfe6f4
  languageName: node
  linkType: hard

"make-dir@npm:^2.1.0":
  version: 2.1.0
  resolution: "make-dir@npm:2.1.0"
  dependencies:
    pify: ^4.0.1
    semver: ^5.6.0
  checksum: 043548886bfaf1820323c6a2997e6d2fa51ccc2586ac14e6f14634f7458b4db2daf15f8c310e2a0abd3e0cddc64df1890d8fc7263033602c47bb12cbfcf86aab
  languageName: node
  linkType: hard

"mime@npm:^1.4.1":
  version: 1.6.0
  resolution: "mime@npm:1.6.0"
  bin:
    mime: cli.js
  checksum: fef25e39263e6d207580bdc629f8872a3f9772c923c7f8c7e793175cee22777bbe8bba95e5d509a40aaa292d8974514ce634ae35769faa45f22d17edda5e8557
  languageName: node
  linkType: hard

"moment@npm:^2.24.0, moment@npm:^2.29.2":
  version: 2.29.4
  resolution: "moment@npm:2.29.4"
  checksum: 0ec3f9c2bcba38dc2451b1daed5daded747f17610b92427bebe1d08d48d8b7bdd8d9197500b072d14e326dd0ccf3e326b9e3d07c5895d3d49e39b6803b76e80e
  languageName: node
  linkType: hard

"ms@npm:^2.1.1":
  version: 2.1.3
  resolution: "ms@npm:2.1.3"
  checksum: aa92de608021b242401676e35cfa5aa42dd70cbdc082b916da7fb925c542173e36bce97ea3e804923fe92c0ad991434e4a38327e15a1b5b5f945d66df615ae6d
  languageName: node
  linkType: hard

"nanoid@npm:^3.3.4":
  version: 3.3.6
  resolution: "nanoid@npm:3.3.6"
  bin:
    nanoid: bin/nanoid.cjs
  checksum: 7d0eda657002738aa5206107bd0580aead6c95c460ef1bdd0b1a87a9c7ae6277ac2e9b945306aaa5b32c6dcb7feaf462d0f552e7f8b5718abfc6ead5c94a71b3
  languageName: node
  linkType: hard

"needle@npm:^3.1.0":
  version: 3.2.0
  resolution: "needle@npm:3.2.0"
  dependencies:
    debug: ^3.2.6
    iconv-lite: ^0.6.3
    sax: ^1.2.4
  bin:
    needle: bin/needle
  checksum: d6f3e8668bbaf943d28ced0ad843eff793b56025e80152e511fd02313b8974e4dd9674bcbe3d8f9aa31882adb190dafe29ea5fce03a92b4724adf4850070bcfc
  languageName: node
  linkType: hard

"next13.3.1@workspace:.":
  version: 0.0.0-use.local
  resolution: "next13.3.1@workspace:."
  dependencies:
    "@ant-design/icons": ^4.7.0
    antd: ^4.16.13
    less: ^4.1.3
    less-loader: ^11.1.0
    next: ^13.3.1
    react: 18.2.0
    react-dom: 18.2.0
  languageName: unknown
  linkType: soft

"next@npm:^13.3.1":
  version: 13.3.1
  resolution: "next@npm:13.3.1"
  dependencies:
    "@next/env": 13.3.1
    "@next/swc-darwin-arm64": 13.3.1
    "@next/swc-darwin-x64": 13.3.1
    "@next/swc-linux-arm64-gnu": 13.3.1
    "@next/swc-linux-arm64-musl": 13.3.1
    "@next/swc-linux-x64-gnu": 13.3.1
    "@next/swc-linux-x64-musl": 13.3.1
    "@next/swc-win32-arm64-msvc": 13.3.1
    "@next/swc-win32-ia32-msvc": 13.3.1
    "@next/swc-win32-x64-msvc": 13.3.1
    "@swc/helpers": 0.5.0
    busboy: 1.6.0
    caniuse-lite: ^1.0.30001406
    postcss: 8.4.14
    styled-jsx: 5.1.1
  peerDependencies:
    "@opentelemetry/api": ^1.1.0
    fibers: ">= 3.1.0"
    node-sass: ^6.0.0 || ^7.0.0
    react: ^18.2.0
    react-dom: ^18.2.0
    sass: ^1.3.0
  dependenciesMeta:
    "@next/swc-darwin-arm64":
      optional: true
    "@next/swc-darwin-x64":
      optional: true
    "@next/swc-linux-arm64-gnu":
      optional: true
    "@next/swc-linux-arm64-musl":
      optional: true
    "@next/swc-linux-x64-gnu":
      optional: true
    "@next/swc-linux-x64-musl":
      optional: true
    "@next/swc-win32-arm64-msvc":
      optional: true
    "@next/swc-win32-ia32-msvc":
      optional: true
    "@next/swc-win32-x64-msvc":
      optional: true
  peerDependenciesMeta:
    "@opentelemetry/api":
      optional: true
    fibers:
      optional: true
    node-sass:
      optional: true
    sass:
      optional: true
  bin:
    next: dist/bin/next
  checksum: a685abbcfe028940f8e3c86f6712fadcba1ca92c68b4dddfd1192d93a4ebac2d0947cd62d8cecf530afbd8163b2ef6dfe338b1fe7b699d78bc7123624a7622db
  languageName: node
  linkType: hard

"parse-node-version@npm:^1.0.1":
  version: 1.0.1
  resolution: "parse-node-version@npm:1.0.1"
  checksum: c192393b6a978092c1ef8df2c42c0a02e4534b96543e23d335f1b9b5b913ac75473d18fe6050b58d6995c57fb383ee71a5cb8397e363caaf38a6df8215cc52fd
  languageName: node
  linkType: hard

"picocolors@npm:^1.0.0":
  version: 1.0.0
  resolution: "picocolors@npm:1.0.0"
  checksum: a2e8092dd86c8396bdba9f2b5481032848525b3dc295ce9b57896f931e63fc16f79805144321f72976383fc249584672a75cc18d6777c6b757603f372f745981
  languageName: node
  linkType: hard

"pify@npm:^4.0.1":
  version: 4.0.1
  resolution: "pify@npm:4.0.1"
  checksum: 9c4e34278cb09987685fa5ef81499c82546c033713518f6441778fbec623fc708777fe8ac633097c72d88470d5963094076c7305cafc7ad340aae27cfacd856b
  languageName: node
  linkType: hard

"postcss@npm:8.4.14":
  version: 8.4.14
  resolution: "postcss@npm:8.4.14"
  dependencies:
    nanoid: ^3.3.4
    picocolors: ^1.0.0
    source-map-js: ^1.0.2
  checksum: fe58766ff32e4becf65a7d57678995cfd239df6deed2fe0557f038b47c94e4132e7e5f68b5aa820c13adfec32e523b693efaeb65798efb995ce49ccd83953816
  languageName: node
  linkType: hard

"prr@npm:~1.0.1":
  version: 1.0.1
  resolution: "prr@npm:1.0.1"
  checksum: 3bca2db0479fd38f8c4c9439139b0c42dcaadcc2fbb7bb8e0e6afaa1383457f1d19aea9e5f961d5b080f1cfc05bfa1fe9e45c97a1d3fd6d421950a73d3108381
  languageName: node
  linkType: hard

"rc-align@npm:^4.0.0":
  version: 4.0.15
  resolution: "rc-align@npm:4.0.15"
  dependencies:
    "@babel/runtime": ^7.10.1
    classnames: 2.x
    dom-align: ^1.7.0
    rc-util: ^5.26.0
    resize-observer-polyfill: ^1.5.1
  peerDependencies:
    react: ">=16.9.0"
    react-dom: ">=16.9.0"
  checksum: dfb7d3bfaa8d4b9ead4dbd8d84d4033fbd7a3f2232e7797ab1f86545c043cbe3952575fcfa63361045e2d1fa3a07c54545e442d60b08e753f4d581dcd5da186e
  languageName: node
  linkType: hard

"rc-cascader@npm:~3.7.0":
  version: 3.7.2
  resolution: "rc-cascader@npm:3.7.2"
  dependencies:
    "@babel/runtime": ^7.12.5
    array-tree-filter: ^2.1.0
    classnames: ^2.3.1
    rc-select: ~14.1.0
    rc-tree: ~5.7.0
    rc-util: ^5.6.1
  peerDependencies:
    react: ">=16.9.0"
    react-dom: ">=16.9.0"
  checksum: 31b10e4fb99498ae7ffb77270f383b7f16a78d61925dd8d8ec916ce769961b6b44c905a5dc9fd87c21eef642c519f56eb9b88897defebf5d72842f8d7f21b535
  languageName: node
  linkType: hard

"rc-checkbox@npm:~3.0.0":
  version: 3.0.0
  resolution: "rc-checkbox@npm:3.0.0"
  dependencies:
    "@babel/runtime": ^7.10.1
    classnames: ^2.3.2
    rc-util: ^5.25.2
  peerDependencies:
    react: ">=16.9.0"
    react-dom: ">=16.9.0"
  checksum: d921c3324f15e98f2222542cb08ae6bf78b5ba1e50d20d6c1f416a4bf73a972c63315542232d7daadaed6dabd720acd62e9782bd3565fd6640a35b7f7795c7d3
  languageName: node
  linkType: hard

"rc-collapse@npm:~3.4.2":
  version: 3.4.2
  resolution: "rc-collapse@npm:3.4.2"
  dependencies:
    "@babel/runtime": ^7.10.1
    classnames: 2.x
    rc-motion: ^2.3.4
    rc-util: ^5.2.1
    shallowequal: ^1.1.0
  peerDependencies:
    react: ">=16.9.0"
    react-dom: ">=16.9.0"
  checksum: 617409c4ca8cbcad85df7de33f40fc0526ff28f54304d687b82add8c7c4e442c5fdf2935a645d51e44afa87b23d673f4a8a4d9ee1033b473f6fd4bd5b94df4bc
  languageName: node
  linkType: hard

"rc-dialog@npm:~9.0.0, rc-dialog@npm:~9.0.2":
  version: 9.0.2
  resolution: "rc-dialog@npm:9.0.2"
  dependencies:
    "@babel/runtime": ^7.10.1
    "@rc-component/portal": ^1.0.0-8
    classnames: ^2.2.6
    rc-motion: ^2.3.0
    rc-util: ^5.21.0
  peerDependencies:
    react: ">=16.9.0"
    react-dom: ">=16.9.0"
  checksum: 470953c33123c984d7c18685435f08fb7cc4111fdbd01f032a8b111e1b0c06b2a9edcc26bc6895e1a426529e8c2842d6f79441f6bfceaa9c1c273e6b56f0f16d
  languageName: node
  linkType: hard

"rc-drawer@npm:~6.1.0":
  version: 6.1.5
  resolution: "rc-drawer@npm:6.1.5"
  dependencies:
    "@babel/runtime": ^7.10.1
    "@rc-component/portal": ^1.0.0-6
    classnames: ^2.2.6
    rc-motion: ^2.6.1
    rc-util: ^5.21.2
  peerDependencies:
    react: ">=16.9.0"
    react-dom: ">=16.9.0"
  checksum: 9eaea14fd3c38b5b1e1c5cd2f6479dcb35841ea2e815d12af36b91a2fff65aeec956daea159ff3f7594737c90e266268da5c5e4ff36745be8e4fa9cd9e4f9eb5
  languageName: node
  linkType: hard

"rc-dropdown@npm:~4.0.0":
  version: 4.0.1
  resolution: "rc-dropdown@npm:4.0.1"
  dependencies:
    "@babel/runtime": ^7.18.3
    classnames: ^2.2.6
    rc-trigger: ^5.3.1
    rc-util: ^5.17.0
  peerDependencies:
    react: ">=16.11.0"
    react-dom: ">=16.11.0"
  checksum: 12d16fc49dbab3f548ba1674b12cf688f58bcb73932285354a506b2f443aa58dc09cad3e07edb5d8de8e659c91b985022eef0734f233b76261af1b17a61ce619
  languageName: node
  linkType: hard

"rc-field-form@npm:~1.27.0":
  version: 1.27.4
  resolution: "rc-field-form@npm:1.27.4"
  dependencies:
    "@babel/runtime": ^7.18.0
    async-validator: ^4.1.0
    rc-util: ^5.8.0
  peerDependencies:
    react: ">=16.9.0"
    react-dom: ">=16.9.0"
  checksum: 51873f9ffa94d4b10d04d191adfd35bc3b2f9b8abf70ff07ae648a9965fb97b70e501c05500ebae770d1ba443d5a2c46f4da041ce988d337ff0cabda2656e35e
  languageName: node
  linkType: hard

"rc-image@npm:~5.13.0":
  version: 5.13.0
  resolution: "rc-image@npm:5.13.0"
  dependencies:
    "@babel/runtime": ^7.11.2
    "@rc-component/portal": ^1.0.2
    classnames: ^2.2.6
    rc-dialog: ~9.0.0
    rc-motion: ^2.6.2
    rc-util: ^5.0.6
  peerDependencies:
    react: ">=16.9.0"
    react-dom: ">=16.9.0"
  checksum: 720ecb531474f272366a1769a831f49cc6aeabcb5e0aaa3d2395b3cdc8a8b9b08733e1b92a37c229170fa3520433efbed2d03f573f35df3efffd32998690f68e
  languageName: node
  linkType: hard

"rc-input-number@npm:~7.3.9":
  version: 7.3.11
  resolution: "rc-input-number@npm:7.3.11"
  dependencies:
    "@babel/runtime": ^7.10.1
    classnames: ^2.2.5
    rc-util: ^5.23.0
  peerDependencies:
    react: ">=16.9.0"
    react-dom: ">=16.9.0"
  checksum: 8555171aed72a277721a7d22cdfadc56585f20f9422ce55b0f505eaae43837586d85bd7ebc5dca7b6eec96cbd8798b622ffd03f0187464dbaf6d741a5c20ee7d
  languageName: node
  linkType: hard

"rc-input@npm:~0.1.4":
  version: 0.1.4
  resolution: "rc-input@npm:0.1.4"
  dependencies:
    "@babel/runtime": ^7.11.1
    classnames: ^2.2.1
    rc-util: ^5.18.1
  peerDependencies:
    react: ">=16.0.0"
    react-dom: ">=16.0.0"
  checksum: 1c1935856d7f991ec6f6f8d17945ad501ce956116fdd79b8fcbe1e265465a59b348ba61f1f90045ef14b24e93cc4963b87d5333b9b784f5f28407b6601e8570e
  languageName: node
  linkType: hard

"rc-mentions@npm:~1.13.1":
  version: 1.13.1
  resolution: "rc-mentions@npm:1.13.1"
  dependencies:
    "@babel/runtime": ^7.10.1
    classnames: ^2.2.6
    rc-menu: ~9.8.0
    rc-textarea: ^0.4.0
    rc-trigger: ^5.0.4
    rc-util: ^5.22.5
  peerDependencies:
    react: ">=16.9.0"
    react-dom: ">=16.9.0"
  checksum: 7893c56f91a9ef60d70d607d0fb415c07398d35096a25488d49ea4829a56eda2c9cc0334af919330978e20fe85d39393caddbb52484f9bf39a80e78df4057b2e
  languageName: node
  linkType: hard

"rc-menu@npm:~9.8.0":
  version: 9.8.4
  resolution: "rc-menu@npm:9.8.4"
  dependencies:
    "@babel/runtime": ^7.10.1
    classnames: 2.x
    rc-motion: ^2.4.3
    rc-overflow: ^1.2.8
    rc-trigger: ^5.1.2
    rc-util: ^5.27.0
  peerDependencies:
    react: ">=16.9.0"
    react-dom: ">=16.9.0"
  checksum: a646dea20e8f5638aa25da8e9fa552ffb833b13fbfce04b7ae876892e7ea1592143cbf57bcb943fa9ea96f29e65a1987c2aab5c1407874e825e0ba20e16109f2
  languageName: node
  linkType: hard

"rc-motion@npm:^2.0.0, rc-motion@npm:^2.0.1, rc-motion@npm:^2.2.0, rc-motion@npm:^2.3.0, rc-motion@npm:^2.3.4, rc-motion@npm:^2.4.3, rc-motion@npm:^2.4.4, rc-motion@npm:^2.6.1, rc-motion@npm:^2.6.2":
  version: 2.7.3
  resolution: "rc-motion@npm:2.7.3"
  dependencies:
    "@babel/runtime": ^7.11.1
    classnames: ^2.2.1
    rc-util: ^5.21.0
  peerDependencies:
    react: ">=16.9.0"
    react-dom: ">=16.9.0"
  checksum: d3b2762a35103938ecc5b1739c100bbf84451c332cf4bb4b71cfa4b3604fbe515ff6f8928e7452f3c88148bb8e5d3480d2a5a06629df02395819724df36a751b
  languageName: node
  linkType: hard

"rc-notification@npm:~4.6.0":
  version: 4.6.1
  resolution: "rc-notification@npm:4.6.1"
  dependencies:
    "@babel/runtime": ^7.10.1
    classnames: 2.x
    rc-motion: ^2.2.0
    rc-util: ^5.20.1
  peerDependencies:
    react: ">=16.9.0"
    react-dom: ">=16.9.0"
  checksum: e953a85a6061103485db33f76b5c25907c273a03fd39be942b26eace33c83b42c26054d0d6f063d2239cc2d52462e9638c818be59da966ea18a74a0b168c4c36
  languageName: node
  linkType: hard

"rc-overflow@npm:^1.0.0, rc-overflow@npm:^1.2.8":
  version: 1.3.0
  resolution: "rc-overflow@npm:1.3.0"
  dependencies:
    "@babel/runtime": ^7.11.1
    classnames: ^2.2.1
    rc-resize-observer: ^1.0.0
    rc-util: ^5.19.2
  peerDependencies:
    react: ">=16.9.0"
    react-dom: ">=16.9.0"
  checksum: f8ead9712a9384923727eccd8dfa3e394a987788e2722a97264ed47e1784e62664e7898b250f8f5b467f01aab6438dec145b4108437141ffbb9186f5cf58320f
  languageName: node
  linkType: hard

"rc-pagination@npm:~3.2.0":
  version: 3.2.0
  resolution: "rc-pagination@npm:3.2.0"
  dependencies:
    "@babel/runtime": ^7.10.1
    classnames: ^2.2.1
  peerDependencies:
    react: ">=16.9.0"
    react-dom: ">=16.9.0"
  checksum: deca480696346bbe729945e19fca2b1b50defebd9251ddcc821cc0aa6f58383e9f6fcc7fe4571f48299ba74f30a370687cc099e44e77e2d3d43d4b2d845f91e5
  languageName: node
  linkType: hard

"rc-picker@npm:~2.7.0":
  version: 2.7.2
  resolution: "rc-picker@npm:2.7.2"
  dependencies:
    "@babel/runtime": ^7.10.1
    classnames: ^2.2.1
    date-fns: 2.x
    dayjs: 1.x
    moment: ^2.24.0
    rc-trigger: ^5.0.4
    rc-util: ^5.4.0
    shallowequal: ^1.1.0
  peerDependencies:
    react: ">=16.9.0"
    react-dom: ">=16.9.0"
  checksum: 35d9171d2401ea1d23c1bcd0b1b35dd5a68e7ea04a47feab2a0eeee6a1c7ee06e461d53ff9b8d1cfbe5860c263b5d197ccd539fe5107c5870400429aa16bc7c1
  languageName: node
  linkType: hard

"rc-progress@npm:~3.4.1":
  version: 3.4.1
  resolution: "rc-progress@npm:3.4.1"
  dependencies:
    "@babel/runtime": ^7.10.1
    classnames: ^2.2.6
    rc-util: ^5.16.1
  peerDependencies:
    react: ">=16.9.0"
    react-dom: ">=16.9.0"
  checksum: d4dce5231ea29bfa866935a59f05473711f9dfc944f95cc78b0fdcd1508a063983cc58973f54c2b20797f0b0f480c4a2b84aaa2ca185158c14800ec659163880
  languageName: node
  linkType: hard

"rc-rate@npm:~2.9.0":
  version: 2.9.2
  resolution: "rc-rate@npm:2.9.2"
  dependencies:
    "@babel/runtime": ^7.10.1
    classnames: ^2.2.5
    rc-util: ^5.0.1
  peerDependencies:
    react: ">=16.9.0"
    react-dom: ">=16.9.0"
  checksum: 5a7528e4b4245a5090c78eeb248bb8af90843fb6e88105236c3e6b6c6a204c526f87969ee78129c9b7afe9612c69c8a85652714f53b14f9cf5933fda81b8f8fb
  languageName: node
  linkType: hard

"rc-resize-observer@npm:^1.0.0, rc-resize-observer@npm:^1.1.0, rc-resize-observer@npm:^1.2.0":
  version: 1.3.1
  resolution: "rc-resize-observer@npm:1.3.1"
  dependencies:
    "@babel/runtime": ^7.20.7
    classnames: ^2.2.1
    rc-util: ^5.27.0
    resize-observer-polyfill: ^1.5.1
  peerDependencies:
    react: ">=16.9.0"
    react-dom: ">=16.9.0"
  checksum: cc952e5d3071543e990103ea64b20310e3a09c950a473bf89a3a7e6063bd060c6c041f0333085640676d176c7edd58676a3b3d64dfa17461ea6f3a62f79c4d65
  languageName: node
  linkType: hard

"rc-segmented@npm:~2.1.0":
  version: 2.1.2
  resolution: "rc-segmented@npm:2.1.2"
  dependencies:
    "@babel/runtime": ^7.11.1
    classnames: ^2.2.1
    rc-motion: ^2.4.4
    rc-util: ^5.17.0
  peerDependencies:
    react: ">=16.0.0"
    react-dom: ">=16.0.0"
  checksum: 9ebba682e70b480cacea79985b6c3fcd024d564a3105a9d48c6a0481a87002f8382987195014ce00e37d455e84dbd0def05d24e3671a52bd89aeeec43c82a91a
  languageName: node
  linkType: hard

"rc-select@npm:~14.1.0, rc-select@npm:~14.1.17":
  version: 14.1.17
  resolution: "rc-select@npm:14.1.17"
  dependencies:
    "@babel/runtime": ^7.10.1
    classnames: 2.x
    rc-motion: ^2.0.1
    rc-overflow: ^1.0.0
    rc-trigger: ^5.0.4
    rc-util: ^5.16.1
    rc-virtual-list: ^3.2.0
  peerDependencies:
    react: "*"
    react-dom: "*"
  checksum: 548b4fd5a9d49936ab4771beccc530b7bf3f7028e9addda1aeecf49fd2c9b6d6b57abe135fd33a3c0c810f8930cfed16dc93bcd346973aab6e2c463737e6ccc9
  languageName: node
  linkType: hard

"rc-slider@npm:~10.0.0":
  version: 10.0.1
  resolution: "rc-slider@npm:10.0.1"
  dependencies:
    "@babel/runtime": ^7.10.1
    classnames: ^2.2.5
    rc-util: ^5.18.1
    shallowequal: ^1.1.0
  peerDependencies:
    react: ">=16.9.0"
    react-dom: ">=16.9.0"
  checksum: 803f0cc39d43897c0b24549e87232a668d26ff5b0e14b528fd454aa455cdf96ebc60654832c51bb1a6c7b7594ca39017d6c96b3237662471efb863f1723e3d9c
  languageName: node
  linkType: hard

"rc-steps@npm:~5.0.0-alpha.2":
  version: 5.0.0
  resolution: "rc-steps@npm:5.0.0"
  dependencies:
    "@babel/runtime": ^7.16.7
    classnames: ^2.2.3
    rc-util: ^5.16.1
  peerDependencies:
    react: ">=16.9.0"
    react-dom: ">=16.9.0"
  checksum: b58507b807d648a425b339fbbd49472da0b7213e5464cd021d2cbcb3273818e4bf8d6e6b2d5dda7608160887e156a14f97585d3029ce9f501db9444bcb365618
  languageName: node
  linkType: hard

"rc-switch@npm:~3.2.0":
  version: 3.2.2
  resolution: "rc-switch@npm:3.2.2"
  dependencies:
    "@babel/runtime": ^7.10.1
    classnames: ^2.2.1
    rc-util: ^5.0.1
  peerDependencies:
    react: ">=16.9.0"
    react-dom: ">=16.9.0"
  checksum: c0242385fa93a9aa5cc65500cf6f83a673ff91caf70eed8c1335af2cd695aafda2c4c972da0daae8ea26478e314b9a9212074364d44110ff9b453c0d3debb851
  languageName: node
  linkType: hard

"rc-table@npm:~7.26.0":
  version: 7.26.0
  resolution: "rc-table@npm:7.26.0"
  dependencies:
    "@babel/runtime": ^7.10.1
    classnames: ^2.2.5
    rc-resize-observer: ^1.1.0
    rc-util: ^5.22.5
    shallowequal: ^1.1.0
  peerDependencies:
    react: ">=16.9.0"
    react-dom: ">=16.9.0"
  checksum: 78970d0140203d57541bf5952c542ca7448608bbd29da949e51007c4b3f94570a35b4e95b35ce4d49954c6c88a9e44d2f36f8f4015bfe1b97e926a381141d251
  languageName: node
  linkType: hard

"rc-tabs@npm:~12.5.6":
  version: 12.5.10
  resolution: "rc-tabs@npm:12.5.10"
  dependencies:
    "@babel/runtime": ^7.11.2
    classnames: 2.x
    rc-dropdown: ~4.0.0
    rc-menu: ~9.8.0
    rc-motion: ^2.6.2
    rc-resize-observer: ^1.0.0
    rc-util: ^5.16.0
  peerDependencies:
    react: ">=16.9.0"
    react-dom: ">=16.9.0"
  checksum: 0b26b61ce96f525c2d4c74b89561997176b8673c842d28f542cbc056cc26ee16953ea34d9a591b599872717a342ffbdded4e6115d95bcfe1ec594048fe669d31
  languageName: node
  linkType: hard

"rc-textarea@npm:^0.4.0, rc-textarea@npm:~0.4.5":
  version: 0.4.7
  resolution: "rc-textarea@npm:0.4.7"
  dependencies:
    "@babel/runtime": ^7.10.1
    classnames: ^2.2.1
    rc-resize-observer: ^1.0.0
    rc-util: ^5.24.4
    shallowequal: ^1.1.0
  peerDependencies:
    react: ">=16.9.0"
    react-dom: ">=16.9.0"
  checksum: 3e682c81aeca9da03b86a18c6a4c3f580d8250fb3042f32de9fb05aad8b64522a88a02b40b99ca8dd9fd8d6869edf5832eee8537b8af0f1b662f63824577f4ce
  languageName: node
  linkType: hard

"rc-tooltip@npm:~5.2.0":
  version: 5.2.2
  resolution: "rc-tooltip@npm:5.2.2"
  dependencies:
    "@babel/runtime": ^7.11.2
    classnames: ^2.3.1
    rc-trigger: ^5.0.0
  peerDependencies:
    react: ">=16.9.0"
    react-dom: ">=16.9.0"
  checksum: df6a59096876becf930df0347cfe6379cde9647f338a333dd0aae99039bf45e72db866f03ab6b5fd5ce616b074ec888f50e61ebe0f8d2a135c2617595dbf0583
  languageName: node
  linkType: hard

"rc-tree-select@npm:~5.5.0":
  version: 5.5.5
  resolution: "rc-tree-select@npm:5.5.5"
  dependencies:
    "@babel/runtime": ^7.10.1
    classnames: 2.x
    rc-select: ~14.1.0
    rc-tree: ~5.7.0
    rc-util: ^5.16.1
  peerDependencies:
    react: "*"
    react-dom: "*"
  checksum: 6d7de4d9b80583b3bd39be0c8bad5138a62770805048da9fd177eb3f21acc7d02cd68ea64d9ca3accf8bfefa41b0db84c1ac50a3637c7b3c97060d7d3e9d60e5
  languageName: node
  linkType: hard

"rc-tree@npm:~5.7.0":
  version: 5.7.3
  resolution: "rc-tree@npm:5.7.3"
  dependencies:
    "@babel/runtime": ^7.10.1
    classnames: 2.x
    rc-motion: ^2.0.1
    rc-util: ^5.16.1
    rc-virtual-list: ^3.4.8
  peerDependencies:
    react: "*"
    react-dom: "*"
  checksum: 201e166248b9dcf4b083729e3a3676d730f98b96d396655f7fdf9a458d447e640bf52f7a033c8e2ca90c6a72bcb591310930c8071ec1698b0069d9f503e44c4f
  languageName: node
  linkType: hard

"rc-trigger@npm:^5.0.0, rc-trigger@npm:^5.0.4, rc-trigger@npm:^5.1.2, rc-trigger@npm:^5.2.10, rc-trigger@npm:^5.3.1":
  version: 5.3.4
  resolution: "rc-trigger@npm:5.3.4"
  dependencies:
    "@babel/runtime": ^7.18.3
    classnames: ^2.2.6
    rc-align: ^4.0.0
    rc-motion: ^2.0.0
    rc-util: ^5.19.2
  peerDependencies:
    react: ">=16.9.0"
    react-dom: ">=16.9.0"
  checksum: 6ca7694a4cf064040b5e0fd9b4629b0e0a19ebb29c4eb5614ee9eb22b4193e21909171fd95e48be73a94e44f249cb9616d7670b696164620b722d3de6f280017
  languageName: node
  linkType: hard

"rc-upload@npm:~4.3.0":
  version: 4.3.4
  resolution: "rc-upload@npm:4.3.4"
  dependencies:
    "@babel/runtime": ^7.18.3
    classnames: ^2.2.5
    rc-util: ^5.2.0
  peerDependencies:
    react: ">=16.9.0"
    react-dom: ">=16.9.0"
  checksum: 59ddf31a58ce716d1ace506b1c3e36744895c24c683a17185517dab68dfbb1cf158f57ce14a8f0899e85b2924bfa0d82587771939225ea21a41b907f91779afa
  languageName: node
  linkType: hard

"rc-util@npm:^5.0.1, rc-util@npm:^5.0.6, rc-util@npm:^5.15.0, rc-util@npm:^5.16.0, rc-util@npm:^5.16.1, rc-util@npm:^5.17.0, rc-util@npm:^5.18.1, rc-util@npm:^5.19.2, rc-util@npm:^5.2.0, rc-util@npm:^5.2.1, rc-util@npm:^5.20.1, rc-util@npm:^5.21.0, rc-util@npm:^5.21.2, rc-util@npm:^5.22.5, rc-util@npm:^5.23.0, rc-util@npm:^5.24.4, rc-util@npm:^5.25.2, rc-util@npm:^5.26.0, rc-util@npm:^5.27.0, rc-util@npm:^5.4.0, rc-util@npm:^5.6.1, rc-util@npm:^5.8.0, rc-util@npm:^5.9.4":
  version: 5.30.0
  resolution: "rc-util@npm:5.30.0"
  dependencies:
    "@babel/runtime": ^7.18.3
    react-is: ^16.12.0
  peerDependencies:
    react: ">=16.9.0"
    react-dom: ">=16.9.0"
  checksum: d7bf508bd3236cbb2abebbf16d271c50ab05be12cd3be46981979608b0b6d304735cc081650ab2f967f99a144c23189a6f682d52956c0eb4b6e4f41064b8a4ae
  languageName: node
  linkType: hard

"rc-virtual-list@npm:^3.2.0, rc-virtual-list@npm:^3.4.8":
  version: 3.4.13
  resolution: "rc-virtual-list@npm:3.4.13"
  dependencies:
    "@babel/runtime": ^7.20.0
    classnames: ^2.2.6
    rc-resize-observer: ^1.0.0
    rc-util: ^5.15.0
  peerDependencies:
    react: "*"
    react-dom: "*"
  checksum: 590baca20aa209bdc7038c4cdbedef78100e8f8762966b8ae556d0c7154ce8a4f26737a5bd59580ee1ed446c79a8eb627e3fb003e1ee0de38f1bb9a7b3cd7e78
  languageName: node
  linkType: hard

"react-dom@npm:18.2.0":
  version: 18.2.0
  resolution: "react-dom@npm:18.2.0"
  dependencies:
    loose-envify: ^1.1.0
    scheduler: ^0.23.0
  peerDependencies:
    react: ^18.2.0
  checksum: 7d323310bea3a91be2965f9468d552f201b1c27891e45ddc2d6b8f717680c95a75ae0bc1e3f5cf41472446a2589a75aed4483aee8169287909fcd59ad149e8cc
  languageName: node
  linkType: hard

"react-is@npm:^16.12.0":
  version: 16.13.1
  resolution: "react-is@npm:16.13.1"
  checksum: f7a19ac3496de32ca9ae12aa030f00f14a3d45374f1ceca0af707c831b2a6098ef0d6bdae51bd437b0a306d7f01d4677fcc8de7c0d331eb47ad0f46130e53c5f
  languageName: node
  linkType: hard

"react@npm:18.2.0":
  version: 18.2.0
  resolution: "react@npm:18.2.0"
  dependencies:
    loose-envify: ^1.1.0
  checksum: 88e38092da8839b830cda6feef2e8505dec8ace60579e46aa5490fc3dc9bba0bd50336507dc166f43e3afc1c42939c09fe33b25fae889d6f402721dcd78fca1b
  languageName: node
  linkType: hard

"regenerator-runtime@npm:^0.13.11":
  version: 0.13.11
  resolution: "regenerator-runtime@npm:0.13.11"
  checksum: 27481628d22a1c4e3ff551096a683b424242a216fee44685467307f14d58020af1e19660bf2e26064de946bad7eff28950eae9f8209d55723e2d9351e632bbb4
  languageName: node
  linkType: hard

"resize-observer-polyfill@npm:^1.5.1":
  version: 1.5.1
  resolution: "resize-observer-polyfill@npm:1.5.1"
  checksum: 57e7f79489867b00ba43c9c051524a5c8f162a61d5547e99333549afc23e15c44fd43f2f318ea0261ea98c0eb3158cca261e6f48d66e1ed1cd1f340a43977094
  languageName: node
  linkType: hard

"safer-buffer@npm:>= 2.1.2 < 3.0.0":
  version: 2.1.2
  resolution: "safer-buffer@npm:2.1.2"
  checksum: cab8f25ae6f1434abee8d80023d7e72b598cf1327164ddab31003c51215526801e40b66c5e65d658a0af1e9d6478cadcb4c745f4bd6751f97d8644786c0978b0
  languageName: node
  linkType: hard

"sax@npm:^1.2.4":
  version: 1.2.4
  resolution: "sax@npm:1.2.4"
  checksum: d3df7d32b897a2c2f28e941f732c71ba90e27c24f62ee918bd4d9a8cfb3553f2f81e5493c7f0be94a11c1911b643a9108f231dd6f60df3fa9586b5d2e3e9e1fe
  languageName: node
  linkType: hard

"scheduler@npm:^0.23.0":
  version: 0.23.0
  resolution: "scheduler@npm:0.23.0"
  dependencies:
    loose-envify: ^1.1.0
  checksum: d79192eeaa12abef860c195ea45d37cbf2bbf5f66e3c4dcd16f54a7da53b17788a70d109ee3d3dde1a0fd50e6a8fc171f4300356c5aee4fc0171de526bf35f8a
  languageName: node
  linkType: hard

"scroll-into-view-if-needed@npm:^2.2.25":
  version: 2.2.31
  resolution: "scroll-into-view-if-needed@npm:2.2.31"
  dependencies:
    compute-scroll-into-view: ^1.0.20
  checksum: 93b28f3723a462245b40d4120c40c542c8449473e2b157a5f8e18f04d95d66cd35249d96c625e8a440a56891f7d8905b1d026c690bdda07fcfb4f1a48d643ad1
  languageName: node
  linkType: hard

"semver@npm:^5.6.0":
  version: 5.7.1
  resolution: "semver@npm:5.7.1"
  bin:
    semver: ./bin/semver
  checksum: 57fd0acfd0bac382ee87cd52cd0aaa5af086a7dc8d60379dfe65fea491fb2489b6016400813930ecd61fd0952dae75c115287a1b16c234b1550887117744dfaf
  languageName: node
  linkType: hard

"shallowequal@npm:^1.1.0":
  version: 1.1.0
  resolution: "shallowequal@npm:1.1.0"
  checksum: f4c1de0837f106d2dbbfd5d0720a5d059d1c66b42b580965c8f06bb1db684be8783538b684092648c981294bf817869f743a066538771dbecb293df78f765e00
  languageName: node
  linkType: hard

"source-map-js@npm:^1.0.2":
  version: 1.0.2
  resolution: "source-map-js@npm:1.0.2"
  checksum: c049a7fc4deb9a7e9b481ae3d424cc793cb4845daa690bc5a05d428bf41bf231ced49b4cf0c9e77f9d42fdb3d20d6187619fc586605f5eabe995a316da8d377c
  languageName: node
  linkType: hard

"source-map@npm:~0.6.0":
  version: 0.6.1
  resolution: "source-map@npm:0.6.1"
  checksum: 59ce8640cf3f3124f64ac289012c2b8bd377c238e316fb323ea22fbfe83da07d81e000071d7242cad7a23cd91c7de98e4df8830ec3f133cb6133a5f6e9f67bc2
  languageName: node
  linkType: hard

"streamsearch@npm:^1.1.0":
  version: 1.1.0
  resolution: "streamsearch@npm:1.1.0"
  checksum: 1cce16cea8405d7a233d32ca5e00a00169cc0e19fbc02aa839959985f267335d435c07f96e5e0edd0eadc6d39c98d5435fb5bbbdefc62c41834eadc5622ad942
  languageName: node
  linkType: hard

"string-convert@npm:^0.2.0":
  version: 0.2.1
  resolution: "string-convert@npm:0.2.1"
  checksum: 1098b1d8e3712c72d0a0b0b7f5c36c98af93e7660b5f0f14019e41bcefe55bfa79214d5e03e74d98a7334a0b9bf2b7f4c6889c8c24801aa2ae2f9ebe1d8a1ef9
  languageName: node
  linkType: hard

"styled-jsx@npm:5.1.1":
  version: 5.1.1
  resolution: "styled-jsx@npm:5.1.1"
  dependencies:
    client-only: 0.0.1
  peerDependencies:
    react: ">= 16.8.0 || 17.x.x || ^18.0.0-0"
  peerDependenciesMeta:
    "@babel/core":
      optional: true
    babel-plugin-macros:
      optional: true
  checksum: 523a33b38603492547e861b98e29c873939b04e15fbe5ef16132c6f1e15958126647983c7d4675325038b428a5e91183d996e90141b18bdd1bbadf6e2c45b2fa
  languageName: node
  linkType: hard

"toggle-selection@npm:^1.0.6":
  version: 1.0.6
  resolution: "toggle-selection@npm:1.0.6"
  checksum: a90dc80ed1e7b18db8f4e16e86a5574f87632dc729cfc07d9ea3ced50021ad42bb4e08f22c0913e0b98e3837b0b717e0a51613c65f30418e21eb99da6556a74c
  languageName: node
  linkType: hard

"tslib@npm:^2.3.0, tslib@npm:^2.4.0":
  version: 2.5.0
  resolution: "tslib@npm:2.5.0"
  checksum: ae3ed5f9ce29932d049908ebfdf21b3a003a85653a9a140d614da6b767a93ef94f460e52c3d787f0e4f383546981713f165037dc2274df212ea9f8a4541004e1
  languageName: node
  linkType: hard
